{
  "name": "quickreload",
  "version": "0.0.1",
  "dependencies": {
    "coffee-script": {
      "version": "1.4.0"
    },
    "ws": {
      "version": "0.4.23",
      "dependencies": {
        "commander": {
          "version": "0.6.1"
        },
        "tinycolor": {
          "version": "0.0.1"
        },
        "options": {
          "version": "0.0.3"
        }
      }
    },
    "watch": {
      "version": "0.5.1"
    },
    "lodash": {
      "version": "0.10.0"
    }
  }
}
